
Microsoft Visual Studio Solution File, Format Version 12.00
# Visual Studio 15
Project("{FAE04EC0-301F-11D3-BF4B-00C04F79EFBC}") = "MyToDo", "MyToDo.csproj", "{7A13BF7A-A1AC-4CB6-B7D1-79899C094851}"
EndProject
Global
	GlobalSection(SolutionConfigurationPlatforms) = preSolution
		Debug|Any CPU = Debug|Any CPU
		Release|Any CPU = Release|Any CPU
	EndGlobalSection
	GlobalSection(ProjectConfigurationPlatforms) = postSolution
		{7A13BF7A-A1AC-4CB6-B7D1-79899C094851}.Debug|Any CPU.ActiveCfg = Debug|Any CPU
		{7A13BF7A-A1AC-4CB6-B7D1-79899C094851}.Debug|Any CPU.Build.0 = Debug|Any CPU
		{7A13BF7A-A1AC-4CB6-B7D1-79899C094851}.Release|Any CPU.ActiveCfg = Release|Any CPU
		{7A13BF7A-A1AC-4CB6-B7D1-79899C094851}.Release|Any CPU.Build.0 = Release|Any CPU
	EndGlobalSection
EndGlobal
